
Microsoft Visual Studio Solution File, Format Version 12.00
# Visual Studio 15
VisualStudioVersion = 15.0.28307.102
MinimumVisualStudioVersion = 10.0.40219.1
Project("{9A19103F-16F7-4668-BE54-9A1E7A4F7556}") = "RedisTribute.UnitTests", "tests\RedisTribute.Tests\RedisTribute.UnitTests.csproj", "{E08F7D87-9E5F-4921-BADA-3CAF8AFE45CF}"
EndProject
Project("{9A19103F-16F7-4668-BE54-9A1E7A4F7556}") = "RedisTribute", "src\RedisTribute\RedisTribute.csproj", "{99FD0B84-1FFE-4C8B-8769-F52778601C75}"
EndProject
Project("{9A19103F-16F7-4668-BE54-9A1E7A4F7556}") = "RedisTribute.Benchmarks", "tests\RedisTribute.Benchmarks\RedisTribute.Benchmarks.csproj", "{475EB56E-4585-4FB0-89B9-0FAA729EBBE2}"
EndProject
Project("{2150E333-8FDC-42A3-9474-1A3956D46DE8}") = "build", "build", "{D58E4F13-AA73-4488-B769-742243BF6D02}"
	ProjectSection(SolutionItems) = preProject
		.travis.yml = .travis.yml
		appveyor.yml = appveyor.yml
		create-cert.sh = create-cert.sh
		docker-compose-runner.yml = docker-compose-runner.yml
		docker-compose.yml = docker-compose.yml
		Dockerfile = Dockerfile
		package.cmd = package.cmd
	EndProjectSection
EndProject
Project("{2150E333-8FDC-42A3-9474-1A3956D46DE8}") = "docs", "docs", "{9AC62569-0C1A-4367-864E-9CA9227BE2BC}"
	ProjectSection(SolutionItems) = preProject
		LICENSE = LICENSE
		README.md = README.md
	EndProjectSection
EndProject
Project("{2150E333-8FDC-42A3-9474-1A3956D46DE8}") = "src", "src", "{A0C42956-9A84-4769-8207-6BB16FD248D3}"
EndProject
Project("{2150E333-8FDC-42A3-9474-1A3956D46DE8}") = "tests", "tests", "{7D3242BB-A1A6-4A11-BBFD-F5DDD1F140C8}"
EndProject
Project("{9A19103F-16F7-4668-BE54-9A1E7A4F7556}") = "RedisTribute.IntegrationTests", "tests\RedisTribute.IntegrationTests\RedisTribute.IntegrationTests.csproj", "{2045B2B9-300A-47ED-8BAA-FD01BC567B4F}"
EndProject
Project("{9A19103F-16F7-4668-BE54-9A1E7A4F7556}") = "RedisTribute.Stubs", "tests\RedisTribute.Stubs\RedisTribute.Stubs.csproj", "{1976F57D-1C0B-4294-B115-4D72E0611E99}"
EndProject
Project("{2150E333-8FDC-42A3-9474-1A3956D46DE8}") = "stunnel", "stunnel", "{B04410B4-D51D-4CFC-BEE3-B0C108595EF8}"
	ProjectSection(SolutionItems) = preProject
		build\stunnel\Dockerfile = build\stunnel\Dockerfile
		build\stunnel\rediscert.pem = build\stunnel\rediscert.pem
		build\stunnel\stunnel1.conf = build\stunnel\stunnel1.conf
		build\stunnel\stunnel2.conf = build\stunnel\stunnel2.conf
	EndProjectSection
EndProject
Project("{9A19103F-16F7-4668-BE54-9A1E7A4F7556}") = "RedisTribute.TestHarness", "tests\RedisTribute.TestHarness\RedisTribute.TestHarness.csproj", "{7BD09ECB-169F-4DE6-A3BF-8C25254B1660}"
EndProject
Project("{FAE04EC0-301F-11D3-BF4B-00C04F79EFBC}") = "RedisTribute.Json", "src\RedisTribute.Json\RedisTribute.Json.csproj", "{57F3C07A-0A31-48ED-BFB4-020FD5295B86}"
EndProject
Global
	GlobalSection(SolutionConfigurationPlatforms) = preSolution
		Debug|Any CPU = Debug|Any CPU
		Release|Any CPU = Release|Any CPU
	EndGlobalSection
	GlobalSection(ProjectConfigurationPlatforms) = postSolution
		{E08F7D87-9E5F-4921-BADA-3CAF8AFE45CF}.Debug|Any CPU.ActiveCfg = Debug|Any CPU
		{E08F7D87-9E5F-4921-BADA-3CAF8AFE45CF}.Debug|Any CPU.Build.0 = Debug|Any CPU
		{E08F7D87-9E5F-4921-BADA-3CAF8AFE45CF}.Release|Any CPU.ActiveCfg = Release|Any CPU
		{E08F7D87-9E5F-4921-BADA-3CAF8AFE45CF}.Release|Any CPU.Build.0 = Release|Any CPU
		{99FD0B84-1FFE-4C8B-8769-F52778601C75}.Debug|Any CPU.ActiveCfg = Debug|Any CPU
		{99FD0B84-1FFE-4C8B-8769-F52778601C75}.Debug|Any CPU.Build.0 = Debug|Any CPU
		{99FD0B84-1FFE-4C8B-8769-F52778601C75}.Release|Any CPU.ActiveCfg = Release|Any CPU
		{99FD0B84-1FFE-4C8B-8769-F52778601C75}.Release|Any CPU.Build.0 = Release|Any CPU
		{475EB56E-4585-4FB0-89B9-0FAA729EBBE2}.Debug|Any CPU.ActiveCfg = Debug|Any CPU
		{475EB56E-4585-4FB0-89B9-0FAA729EBBE2}.Debug|Any CPU.Build.0 = Debug|Any CPU
		{475EB56E-4585-4FB0-89B9-0FAA729EBBE2}.Release|Any CPU.ActiveCfg = Release|Any CPU
		{475EB56E-4585-4FB0-89B9-0FAA729EBBE2}.Release|Any CPU.Build.0 = Release|Any CPU
		{2045B2B9-300A-47ED-8BAA-FD01BC567B4F}.Debug|Any CPU.ActiveCfg = Debug|Any CPU
		{2045B2B9-300A-47ED-8BAA-FD01BC567B4F}.Debug|Any CPU.Build.0 = Debug|Any CPU
		{2045B2B9-300A-47ED-8BAA-FD01BC567B4F}.Release|Any CPU.ActiveCfg = Release|Any CPU
		{2045B2B9-300A-47ED-8BAA-FD01BC567B4F}.Release|Any CPU.Build.0 = Release|Any CPU
		{1976F57D-1C0B-4294-B115-4D72E0611E99}.Debug|Any CPU.ActiveCfg = Debug|Any CPU
		{1976F57D-1C0B-4294-B115-4D72E0611E99}.Debug|Any CPU.Build.0 = Debug|Any CPU
		{1976F57D-1C0B-4294-B115-4D72E0611E99}.Release|Any CPU.ActiveCfg = Release|Any CPU
		{1976F57D-1C0B-4294-B115-4D72E0611E99}.Release|Any CPU.Build.0 = Release|Any CPU
		{7BD09ECB-169F-4DE6-A3BF-8C25254B1660}.Debug|Any CPU.ActiveCfg = Debug|Any CPU
		{7BD09ECB-169F-4DE6-A3BF-8C25254B1660}.Debug|Any CPU.Build.0 = Debug|Any CPU
		{7BD09ECB-169F-4DE6-A3BF-8C25254B1660}.Release|Any CPU.ActiveCfg = Release|Any CPU
		{7BD09ECB-169F-4DE6-A3BF-8C25254B1660}.Release|Any CPU.Build.0 = Release|Any CPU
		{57F3C07A-0A31-48ED-BFB4-020FD5295B86}.Debug|Any CPU.ActiveCfg = Debug|Any CPU
		{57F3C07A-0A31-48ED-BFB4-020FD5295B86}.Debug|Any CPU.Build.0 = Debug|Any CPU
		{57F3C07A-0A31-48ED-BFB4-020FD5295B86}.Release|Any CPU.ActiveCfg = Release|Any CPU
		{57F3C07A-0A31-48ED-BFB4-020FD5295B86}.Release|Any CPU.Build.0 = Release|Any CPU
	EndGlobalSection
	GlobalSection(SolutionProperties) = preSolution
		HideSolutionNode = FALSE
	EndGlobalSection
	GlobalSection(NestedProjects) = preSolution
		{E08F7D87-9E5F-4921-BADA-3CAF8AFE45CF} = {7D3242BB-A1A6-4A11-BBFD-F5DDD1F140C8}
		{99FD0B84-1FFE-4C8B-8769-F52778601C75} = {A0C42956-9A84-4769-8207-6BB16FD248D3}
		{475EB56E-4585-4FB0-89B9-0FAA729EBBE2} = {7D3242BB-A1A6-4A11-BBFD-F5DDD1F140C8}
		{2045B2B9-300A-47ED-8BAA-FD01BC567B4F} = {7D3242BB-A1A6-4A11-BBFD-F5DDD1F140C8}
		{1976F57D-1C0B-4294-B115-4D72E0611E99} = {7D3242BB-A1A6-4A11-BBFD-F5DDD1F140C8}
		{B04410B4-D51D-4CFC-BEE3-B0C108595EF8} = {D58E4F13-AA73-4488-B769-742243BF6D02}
		{7BD09ECB-169F-4DE6-A3BF-8C25254B1660} = {7D3242BB-A1A6-4A11-BBFD-F5DDD1F140C8}
		{57F3C07A-0A31-48ED-BFB4-020FD5295B86} = {A0C42956-9A84-4769-8207-6BB16FD248D3}
	EndGlobalSection
	GlobalSection(ExtensibilityGlobals) = postSolution
		SolutionGuid = {13B5FD4B-6ADC-4F52-B91A-6F364DB1E8DC}
	EndGlobalSection
EndGlobal
