
Microsoft Visual Studio Solution File, Format Version 12.00
# Visual Studio 15
VisualStudioVersion = 15.0.28307.102
MinimumVisualStudioVersion = 10.0.40219.1
Project("{9A19103F-16F7-4668-BE54-9A1E7A4F7556}") = "RedisSlimClient.Tests", "tests\RedisSlimClient.Tests\RedisSlimClient.Tests.csproj", "{E08F7D87-9E5F-4921-BADA-3CAF8AFE45CF}"
EndProject
Project("{9A19103F-16F7-4668-BE54-9A1E7A4F7556}") = "RedisSlimClient", "src\RedisSlimClient\RedisSlimClient.csproj", "{99FD0B84-1FFE-4C8B-8769-F52778601C75}"
EndProject
Global
	GlobalSection(SolutionConfigurationPlatforms) = preSolution
		Debug|Any CPU = Debug|Any CPU
		Release|Any CPU = Release|Any CPU
	EndGlobalSection
	GlobalSection(ProjectConfigurationPlatforms) = postSolution
		{E08F7D87-9E5F-4921-BADA-3CAF8AFE45CF}.Debug|Any CPU.ActiveCfg = Debug|Any CPU
		{E08F7D87-9E5F-4921-BADA-3CAF8AFE45CF}.Debug|Any CPU.Build.0 = Debug|Any CPU
		{E08F7D87-9E5F-4921-BADA-3CAF8AFE45CF}.Release|Any CPU.ActiveCfg = Release|Any CPU
		{E08F7D87-9E5F-4921-BADA-3CAF8AFE45CF}.Release|Any CPU.Build.0 = Release|Any CPU
		{99FD0B84-1FFE-4C8B-8769-F52778601C75}.Debug|Any CPU.ActiveCfg = Debug|Any CPU
		{99FD0B84-1FFE-4C8B-8769-F52778601C75}.Debug|Any CPU.Build.0 = Debug|Any CPU
		{99FD0B84-1FFE-4C8B-8769-F52778601C75}.Release|Any CPU.ActiveCfg = Release|Any CPU
		{99FD0B84-1FFE-4C8B-8769-F52778601C75}.Release|Any CPU.Build.0 = Release|Any CPU
	EndGlobalSection
	GlobalSection(SolutionProperties) = preSolution
		HideSolutionNode = FALSE
	EndGlobalSection
	GlobalSection(ExtensibilityGlobals) = postSolution
		SolutionGuid = {13B5FD4B-6ADC-4F52-B91A-6F364DB1E8DC}
	EndGlobalSection
EndGlobal
